
Microsoft Visual Studio Solution File, Format Version 12.00
# Visual Studio Version 17
VisualStudioVersion = 17.1.32328.378
MinimumVisualStudioVersion = 10.0.40219.1
Project("{FAE04EC0-301F-11D3-BF4B-00C04F79EFBC}") = "Parejas Operativos.UWP", "Parejas Operativos\Parejas Operativos.UWP\Parejas Operativos.UWP.csproj", "{C85EFCBE-3A04-42E6-AC8C-8BFF0795F0FC}"
EndProject
Project("{FAE04EC0-301F-11D3-BF4B-00C04F79EFBC}") = "Parejas Operativos.Android", "Parejas Operativos\Parejas Operativos.Android\Parejas Operativos.Android.csproj", "{5F35F731-CCF4-41F4-95E0-D8D29C8C5676}"
EndProject
Project("{FAE04EC0-301F-11D3-BF4B-00C04F79EFBC}") = "Parejas Operativos.iOS", "Parejas Operativos\Parejas Operativos.iOS\Parejas Operativos.iOS.csproj", "{10D3F5B9-6FD7-46A3-A08B-3F0BD3369278}"
EndProject
Project("{FAE04EC0-301F-11D3-BF4B-00C04F79EFBC}") = "Parejas Operativos", "Parejas Operativos\Parejas Operativos\Parejas Operativos.csproj", "{38A8CF01-ECC5-47F1-B610-D834D20372C5}"
EndProject
Global
	GlobalSection(SolutionConfigurationPlatforms) = preSolution
		Debug|Any CPU = Debug|Any CPU
		Debug|ARM = Debug|ARM
		Debug|iPhone = Debug|iPhone
		Debug|iPhoneSimulator = Debug|iPhoneSimulator
		Debug|x64 = Debug|x64
		Debug|x86 = Debug|x86
		Release|Any CPU = Release|Any CPU
		Release|ARM = Release|ARM
		Release|iPhone = Release|iPhone
		Release|iPhoneSimulator = Release|iPhoneSimulator
		Release|x64 = Release|x64
		Release|x86 = Release|x86
	EndGlobalSection
	GlobalSection(ProjectConfigurationPlatforms) = postSolution
		{C85EFCBE-3A04-42E6-AC8C-8BFF0795F0FC}.Debug|Any CPU.ActiveCfg = Debug|x64
		{C85EFCBE-3A04-42E6-AC8C-8BFF0795F0FC}.Debug|Any CPU.Build.0 = Debug|x64
		{C85EFCBE-3A04-42E6-AC8C-8BFF0795F0FC}.Debug|Any CPU.Deploy.0 = Debug|x64
		{C85EFCBE-3A04-42E6-AC8C-8BFF0795F0FC}.Debug|ARM.ActiveCfg = Debug|ARM
		{C85EFCBE-3A04-42E6-AC8C-8BFF0795F0FC}.Debug|ARM.Build.0 = Debug|ARM
		{C85EFCBE-3A04-42E6-AC8C-8BFF0795F0FC}.Debug|ARM.Deploy.0 = Debug|ARM
		{C85EFCBE-3A04-42E6-AC8C-8BFF0795F0FC}.Debug|iPhone.ActiveCfg = Debug|x64
		{C85EFCBE-3A04-42E6-AC8C-8BFF0795F0FC}.Debug|iPhone.Build.0 = Debug|x64
		{C85EFCBE-3A04-42E6-AC8C-8BFF0795F0FC}.Debug|iPhone.Deploy.0 = Debug|x64
		{C85EFCBE-3A04-42E6-AC8C-8BFF0795F0FC}.Debug|iPhoneSimulator.ActiveCfg = Debug|x64
		{C85EFCBE-3A04-42E6-AC8C-8BFF0795F0FC}.Debug|iPhoneSimulator.Build.0 = Debug|x64
		{C85EFCBE-3A04-42E6-AC8C-8BFF0795F0FC}.Debug|iPhoneSimulator.Deploy.0 = Debug|x64
		{C85EFCBE-3A04-42E6-AC8C-8BFF0795F0FC}.Debug|x64.ActiveCfg = Debug|x64
		{C85EFCBE-3A04-42E6-AC8C-8BFF0795F0FC}.Debug|x64.Build.0 = Debug|x64
		{C85EFCBE-3A04-42E6-AC8C-8BFF0795F0FC}.Debug|x64.Deploy.0 = Debug|x64
		{C85EFCBE-3A04-42E6-AC8C-8BFF0795F0FC}.Debug|x86.ActiveCfg = Debug|x86
		{C85EFCBE-3A04-42E6-AC8C-8BFF0795F0FC}.Debug|x86.Build.0 = Debug|x86
		{C85EFCBE-3A04-42E6-AC8C-8BFF0795F0FC}.Debug|x86.Deploy.0 = Debug|x86
		{C85EFCBE-3A04-42E6-AC8C-8BFF0795F0FC}.Release|Any CPU.ActiveCfg = Release|x64
		{C85EFCBE-3A04-42E6-AC8C-8BFF0795F0FC}.Release|Any CPU.Build.0 = Release|x64
		{C85EFCBE-3A04-42E6-AC8C-8BFF0795F0FC}.Release|Any CPU.Deploy.0 = Release|x64
		{C85EFCBE-3A04-42E6-AC8C-8BFF0795F0FC}.Release|ARM.ActiveCfg = Release|ARM
		{C85EFCBE-3A04-42E6-AC8C-8BFF0795F0FC}.Release|ARM.Build.0 = Release|ARM
		{C85EFCBE-3A04-42E6-AC8C-8BFF0795F0FC}.Release|ARM.Deploy.0 = Release|ARM
		{C85EFCBE-3A04-42E6-AC8C-8BFF0795F0FC}.Release|iPhone.ActiveCfg = Release|x64
		{C85EFCBE-3A04-42E6-AC8C-8BFF0795F0FC}.Release|iPhone.Build.0 = Release|x64
		{C85EFCBE-3A04-42E6-AC8C-8BFF0795F0FC}.Release|iPhone.Deploy.0 = Release|x64
		{C85EFCBE-3A04-42E6-AC8C-8BFF0795F0FC}.Release|iPhoneSimulator.ActiveCfg = Release|x64
		{C85EFCBE-3A04-42E6-AC8C-8BFF0795F0FC}.Release|iPhoneSimulator.Build.0 = Release|x64
		{C85EFCBE-3A04-42E6-AC8C-8BFF0795F0FC}.Release|iPhoneSimulator.Deploy.0 = Release|x64
		{C85EFCBE-3A04-42E6-AC8C-8BFF0795F0FC}.Release|x64.ActiveCfg = Release|x64
		{C85EFCBE-3A04-42E6-AC8C-8BFF0795F0FC}.Release|x64.Build.0 = Release|x64
		{C85EFCBE-3A04-42E6-AC8C-8BFF0795F0FC}.Release|x64.Deploy.0 = Release|x64
		{C85EFCBE-3A04-42E6-AC8C-8BFF0795F0FC}.Release|x86.ActiveCfg = Release|x86
		{C85EFCBE-3A04-42E6-AC8C-8BFF0795F0FC}.Release|x86.Build.0 = Release|x86
		{C85EFCBE-3A04-42E6-AC8C-8BFF0795F0FC}.Release|x86.Deploy.0 = Release|x86
		{5F35F731-CCF4-41F4-95E0-D8D29C8C5676}.Debug|Any CPU.ActiveCfg = Debug|Any CPU
		{5F35F731-CCF4-41F4-95E0-D8D29C8C5676}.Debug|Any CPU.Build.0 = Debug|Any CPU
		{5F35F731-CCF4-41F4-95E0-D8D29C8C5676}.Debug|Any CPU.Deploy.0 = Debug|Any CPU
		{5F35F731-CCF4-41F4-95E0-D8D29C8C5676}.Debug|ARM.ActiveCfg = Debug|Any CPU
		{5F35F731-CCF4-41F4-95E0-D8D29C8C5676}.Debug|ARM.Build.0 = Debug|Any CPU
		{5F35F731-CCF4-41F4-95E0-D8D29C8C5676}.Debug|ARM.Deploy.0 = Debug|Any CPU
		{5F35F731-CCF4-41F4-95E0-D8D29C8C5676}.Debug|iPhone.ActiveCfg = Debug|Any CPU
		{5F35F731-CCF4-41F4-95E0-D8D29C8C5676}.Debug|iPhone.Build.0 = Debug|Any CPU
		{5F35F731-CCF4-41F4-95E0-D8D29C8C5676}.Debug|iPhone.Deploy.0 = Debug|Any CPU
		{5F35F731-CCF4-41F4-95E0-D8D29C8C5676}.Debug|iPhoneSimulator.ActiveCfg = Debug|Any CPU
		{5F35F731-CCF4-41F4-95E0-D8D29C8C5676}.Debug|iPhoneSimulator.Build.0 = Debug|Any CPU
		{5F35F731-CCF4-41F4-95E0-D8D29C8C5676}.Debug|iPhoneSimulator.Deploy.0 = Debug|Any CPU
		{5F35F731-CCF4-41F4-95E0-D8D29C8C5676}.Debug|x64.ActiveCfg = Debug|Any CPU
		{5F35F731-CCF4-41F4-95E0-D8D29C8C5676}.Debug|x64.Build.0 = Debug|Any CPU
		{5F35F731-CCF4-41F4-95E0-D8D29C8C5676}.Debug|x64.Deploy.0 = Debug|Any CPU
		{5F35F731-CCF4-41F4-95E0-D8D29C8C5676}.Debug|x86.ActiveCfg = Debug|Any CPU
		{5F35F731-CCF4-41F4-95E0-D8D29C8C5676}.Debug|x86.Build.0 = Debug|Any CPU
		{5F35F731-CCF4-41F4-95E0-D8D29C8C5676}.Debug|x86.Deploy.0 = Debug|Any CPU
		{5F35F731-CCF4-41F4-95E0-D8D29C8C5676}.Release|Any CPU.ActiveCfg = Release|Any CPU
		{5F35F731-CCF4-41F4-95E0-D8D29C8C5676}.Release|Any CPU.Build.0 = Release|Any CPU
		{5F35F731-CCF4-41F4-95E0-D8D29C8C5676}.Release|Any CPU.Deploy.0 = Release|Any CPU
		{5F35F731-CCF4-41F4-95E0-D8D29C8C5676}.Release|ARM.ActiveCfg = Release|Any CPU
		{5F35F731-CCF4-41F4-95E0-D8D29C8C5676}.Release|ARM.Build.0 = Release|Any CPU
		{5F35F731-CCF4-41F4-95E0-D8D29C8C5676}.Release|ARM.Deploy.0 = Release|Any CPU
		{5F35F731-CCF4-41F4-95E0-D8D29C8C5676}.Release|iPhone.ActiveCfg = Release|Any CPU
		{5F35F731-CCF4-41F4-95E0-D8D29C8C5676}.Release|iPhone.Build.0 = Release|Any CPU
		{5F35F731-CCF4-41F4-95E0-D8D29C8C5676}.Release|iPhone.Deploy.0 = Release|Any CPU
		{5F35F731-CCF4-41F4-95E0-D8D29C8C5676}.Release|iPhoneSimulator.ActiveCfg = Release|Any CPU
		{5F35F731-CCF4-41F4-95E0-D8D29C8C5676}.Release|iPhoneSimulator.Build.0 = Release|Any CPU
		{5F35F731-CCF4-41F4-95E0-D8D29C8C5676}.Release|iPhoneSimulator.Deploy.0 = Release|Any CPU
		{5F35F731-CCF4-41F4-95E0-D8D29C8C5676}.Release|x64.ActiveCfg = Release|Any CPU
		{5F35F731-CCF4-41F4-95E0-D8D29C8C5676}.Release|x64.Build.0 = Release|Any CPU
		{5F35F731-CCF4-41F4-95E0-D8D29C8C5676}.Release|x64.Deploy.0 = Release|Any CPU
		{5F35F731-CCF4-41F4-95E0-D8D29C8C5676}.Release|x86.ActiveCfg = Release|Any CPU
		{5F35F731-CCF4-41F4-95E0-D8D29C8C5676}.Release|x86.Build.0 = Release|Any CPU
		{5F35F731-CCF4-41F4-95E0-D8D29C8C5676}.Release|x86.Deploy.0 = Release|Any CPU
		{10D3F5B9-6FD7-46A3-A08B-3F0BD3369278}.Debug|Any CPU.ActiveCfg = Debug|iPhoneSimulator
		{10D3F5B9-6FD7-46A3-A08B-3F0BD3369278}.Debug|Any CPU.Build.0 = Debug|iPhoneSimulator
		{10D3F5B9-6FD7-46A3-A08B-3F0BD3369278}.Debug|Any CPU.Deploy.0 = Debug|iPhoneSimulator
		{10D3F5B9-6FD7-46A3-A08B-3F0BD3369278}.Debug|ARM.ActiveCfg = Debug|iPhoneSimulator
		{10D3F5B9-6FD7-46A3-A08B-3F0BD3369278}.Debug|ARM.Build.0 = Debug|iPhoneSimulator
		{10D3F5B9-6FD7-46A3-A08B-3F0BD3369278}.Debug|ARM.Deploy.0 = Debug|iPhoneSimulator
		{10D3F5B9-6FD7-46A3-A08B-3F0BD3369278}.Debug|iPhone.ActiveCfg = Debug|iPhone
		{10D3F5B9-6FD7-46A3-A08B-3F0BD3369278}.Debug|iPhone.Build.0 = Debug|iPhone
		{10D3F5B9-6FD7-46A3-A08B-3F0BD3369278}.Debug|iPhone.Deploy.0 = Debug|iPhone
		{10D3F5B9-6FD7-46A3-A08B-3F0BD3369278}.Debug|iPhoneSimulator.ActiveCfg = Debug|iPhoneSimulator
		{10D3F5B9-6FD7-46A3-A08B-3F0BD3369278}.Debug|iPhoneSimulator.Build.0 = Debug|iPhoneSimulator
		{10D3F5B9-6FD7-46A3-A08B-3F0BD3369278}.Debug|iPhoneSimulator.Deploy.0 = Debug|iPhoneSimulator
		{10D3F5B9-6FD7-46A3-A08B-3F0BD3369278}.Debug|x64.ActiveCfg = Debug|iPhone
		{10D3F5B9-6FD7-46A3-A08B-3F0BD3369278}.Debug|x64.Build.0 = Debug|iPhone
		{10D3F5B9-6FD7-46A3-A08B-3F0BD3369278}.Debug|x64.Deploy.0 = Debug|iPhone
		{10D3F5B9-6FD7-46A3-A08B-3F0BD3369278}.Debug|x86.ActiveCfg = Debug|iPhoneSimulator
		{10D3F5B9-6FD7-46A3-A08B-3F0BD3369278}.Debug|x86.Build.0 = Debug|iPhoneSimulator
		{10D3F5B9-6FD7-46A3-A08B-3F0BD3369278}.Debug|x86.Deploy.0 = Debug|iPhoneSimulator
		{10D3F5B9-6FD7-46A3-A08B-3F0BD3369278}.Release|Any CPU.ActiveCfg = Release|iPhoneSimulator
		{10D3F5B9-6FD7-46A3-A08B-3F0BD3369278}.Release|Any CPU.Build.0 = Release|iPhoneSimulator
		{10D3F5B9-6FD7-46A3-A08B-3F0BD3369278}.Release|Any CPU.Deploy.0 = Release|iPhoneSimulator
		{10D3F5B9-6FD7-46A3-A08B-3F0BD3369278}.Release|ARM.ActiveCfg = Release|iPhoneSimulator
		{10D3F5B9-6FD7-46A3-A08B-3F0BD3369278}.Release|ARM.Build.0 = Release|iPhoneSimulator
		{10D3F5B9-6FD7-46A3-A08B-3F0BD3369278}.Release|ARM.Deploy.0 = Release|iPhoneSimulator
		{10D3F5B9-6FD7-46A3-A08B-3F0BD3369278}.Release|iPhone.ActiveCfg = Release|iPhone
		{10D3F5B9-6FD7-46A3-A08B-3F0BD3369278}.Release|iPhone.Build.0 = Release|iPhone
		{10D3F5B9-6FD7-46A3-A08B-3F0BD3369278}.Release|iPhone.Deploy.0 = Release|iPhone
		{10D3F5B9-6FD7-46A3-A08B-3F0BD3369278}.Release|iPhoneSimulator.ActiveCfg = Release|iPhoneSimulator
		{10D3F5B9-6FD7-46A3-A08B-3F0BD3369278}.Release|iPhoneSimulator.Build.0 = Release|iPhoneSimulator
		{10D3F5B9-6FD7-46A3-A08B-3F0BD3369278}.Release|iPhoneSimulator.Deploy.0 = Release|iPhoneSimulator
		{10D3F5B9-6FD7-46A3-A08B-3F0BD3369278}.Release|x64.ActiveCfg = Release|iPhoneSimulator
		{10D3F5B9-6FD7-46A3-A08B-3F0BD3369278}.Release|x64.Build.0 = Release|iPhoneSimulator
		{10D3F5B9-6FD7-46A3-A08B-3F0BD3369278}.Release|x64.Deploy.0 = Release|iPhoneSimulator
		{10D3F5B9-6FD7-46A3-A08B-3F0BD3369278}.Release|x86.ActiveCfg = Release|iPhoneSimulator
		{10D3F5B9-6FD7-46A3-A08B-3F0BD3369278}.Release|x86.Build.0 = Release|iPhoneSimulator
		{10D3F5B9-6FD7-46A3-A08B-3F0BD3369278}.Release|x86.Deploy.0 = Release|iPhoneSimulator
		{38A8CF01-ECC5-47F1-B610-D834D20372C5}.Debug|Any CPU.ActiveCfg = Debug|Any CPU
		{38A8CF01-ECC5-47F1-B610-D834D20372C5}.Debug|Any CPU.Build.0 = Debug|Any CPU
		{38A8CF01-ECC5-47F1-B610-D834D20372C5}.Debug|Any CPU.Deploy.0 = Debug|Any CPU
		{38A8CF01-ECC5-47F1-B610-D834D20372C5}.Debug|ARM.ActiveCfg = Debug|Any CPU
		{38A8CF01-ECC5-47F1-B610-D834D20372C5}.Debug|ARM.Build.0 = Debug|Any CPU
		{38A8CF01-ECC5-47F1-B610-D834D20372C5}.Debug|ARM.Deploy.0 = Debug|Any CPU
		{38A8CF01-ECC5-47F1-B610-D834D20372C5}.Debug|iPhone.ActiveCfg = Debug|Any CPU
		{38A8CF01-ECC5-47F1-B610-D834D20372C5}.Debug|iPhone.Build.0 = Debug|Any CPU
		{38A8CF01-ECC5-47F1-B610-D834D20372C5}.Debug|iPhone.Deploy.0 = Debug|Any CPU
		{38A8CF01-ECC5-47F1-B610-D834D20372C5}.Debug|iPhoneSimulator.ActiveCfg = Debug|Any CPU
		{38A8CF01-ECC5-47F1-B610-D834D20372C5}.Debug|iPhoneSimulator.Build.0 = Debug|Any CPU
		{38A8CF01-ECC5-47F1-B610-D834D20372C5}.Debug|iPhoneSimulator.Deploy.0 = Debug|Any CPU
		{38A8CF01-ECC5-47F1-B610-D834D20372C5}.Debug|x64.ActiveCfg = Debug|Any CPU
		{38A8CF01-ECC5-47F1-B610-D834D20372C5}.Debug|x64.Build.0 = Debug|Any CPU
		{38A8CF01-ECC5-47F1-B610-D834D20372C5}.Debug|x64.Deploy.0 = Debug|Any CPU
		{38A8CF01-ECC5-47F1-B610-D834D20372C5}.Debug|x86.ActiveCfg = Debug|Any CPU
		{38A8CF01-ECC5-47F1-B610-D834D20372C5}.Debug|x86.Build.0 = Debug|Any CPU
		{38A8CF01-ECC5-47F1-B610-D834D20372C5}.Debug|x86.Deploy.0 = Debug|Any CPU
		{38A8CF01-ECC5-47F1-B610-D834D20372C5}.Release|Any CPU.ActiveCfg = Release|Any CPU
		{38A8CF01-ECC5-47F1-B610-D834D20372C5}.Release|Any CPU.Build.0 = Release|Any CPU
		{38A8CF01-ECC5-47F1-B610-D834D20372C5}.Release|Any CPU.Deploy.0 = Release|Any CPU
		{38A8CF01-ECC5-47F1-B610-D834D20372C5}.Release|ARM.ActiveCfg = Release|Any CPU
		{38A8CF01-ECC5-47F1-B610-D834D20372C5}.Release|ARM.Build.0 = Release|Any CPU
		{38A8CF01-ECC5-47F1-B610-D834D20372C5}.Release|ARM.Deploy.0 = Release|Any CPU
		{38A8CF01-ECC5-47F1-B610-D834D20372C5}.Release|iPhone.ActiveCfg = Release|Any CPU
		{38A8CF01-ECC5-47F1-B610-D834D20372C5}.Release|iPhone.Build.0 = Release|Any CPU
		{38A8CF01-ECC5-47F1-B610-D834D20372C5}.Release|iPhone.Deploy.0 = Release|Any CPU
		{38A8CF01-ECC5-47F1-B610-D834D20372C5}.Release|iPhoneSimulator.ActiveCfg = Release|Any CPU
		{38A8CF01-ECC5-47F1-B610-D834D20372C5}.Release|iPhoneSimulator.Build.0 = Release|Any CPU
		{38A8CF01-ECC5-47F1-B610-D834D20372C5}.Release|iPhoneSimulator.Deploy.0 = Release|Any CPU
		{38A8CF01-ECC5-47F1-B610-D834D20372C5}.Release|x64.ActiveCfg = Release|Any CPU
		{38A8CF01-ECC5-47F1-B610-D834D20372C5}.Release|x64.Build.0 = Release|Any CPU
		{38A8CF01-ECC5-47F1-B610-D834D20372C5}.Release|x64.Deploy.0 = Release|Any CPU
		{38A8CF01-ECC5-47F1-B610-D834D20372C5}.Release|x86.ActiveCfg = Release|Any CPU
		{38A8CF01-ECC5-47F1-B610-D834D20372C5}.Release|x86.Build.0 = Release|Any CPU
		{38A8CF01-ECC5-47F1-B610-D834D20372C5}.Release|x86.Deploy.0 = Release|Any CPU
	EndGlobalSection
	GlobalSection(SolutionProperties) = preSolution
		HideSolutionNode = FALSE
	EndGlobalSection
	GlobalSection(ExtensibilityGlobals) = postSolution
		SolutionGuid = {C8625AA0-7C1A-43A5-94D7-93819B864415}
	EndGlobalSection
EndGlobal
